// !$*UTF8*$!
{
	archiveVersion = 1;
	classes = {
	};
	objectVersion = 46;
	objects = {

/* Begin PBXBuildFile section */
		2378F0DFB2E1979EF2CEA4C2 /* Pods_nowPlaceTweetApp.framework in Frameworks */ = {isa = PBXBuildFile; fileRef = F3E50FD6FC7382C1DA6F2FD1 /* Pods_nowPlaceTweetApp.framework */; };
		602A04B01E644D1700B17783 /* id_helper.swift in Sources */ = {isa = PBXBuildFile; fileRef = 602A04AF1E644D1700B17783 /* id_helper.swift */; };
		602A04B21E64581C00B17783 /* user_controller.swift in Sources */ = {isa = PBXBuildFile; fileRef = 602A04B11E64581C00B17783 /* user_controller.swift */; };
		602A04B41E65152800B17783 /* place_helper.swift in Sources */ = {isa = PBXBuildFile; fileRef = 602A04B31E65152800B17783 /* place_helper.swift */; };
		602A04B61E65180700B17783 /* place_controller.swift in Sources */ = {isa = PBXBuildFile; fileRef = 602A04B51E65180700B17783 /* place_controller.swift */; };
		602A04B81E6837CC00B17783 /* user_helper.swift in Sources */ = {isa = PBXBuildFile; fileRef = 602A04B71E6837CC00B17783 /* user_helper.swift */; };
		602A04BC1E687B5D00B17783 /* userformViewController.swift in Sources */ = {isa = PBXBuildFile; fileRef = 602A04BB1E687B5D00B17783 /* userformViewController.swift */; };
		604AC7031E56CA6C00CDD525 /* AppDelegate.swift in Sources */ = {isa = PBXBuildFile; fileRef = 604AC7021E56CA6C00CDD525 /* AppDelegate.swift */; };
		604AC7051E56CA6C00CDD525 /* ViewController.swift in Sources */ = {isa = PBXBuildFile; fileRef = 604AC7041E56CA6C00CDD525 /* ViewController.swift */; };
		604AC7081E56CA6C00CDD525 /* Main.storyboard in Resources */ = {isa = PBXBuildFile; fileRef = 604AC7061E56CA6C00CDD525 /* Main.storyboard */; };
		604AC70A1E56CA6C00CDD525 /* Assets.xcassets in Resources */ = {isa = PBXBuildFile; fileRef = 604AC7091E56CA6C00CDD525 /* Assets.xcassets */; };
		604AC70D1E56CA6C00CDD525 /* LaunchScreen.storyboard in Resources */ = {isa = PBXBuildFile; fileRef = 604AC70B1E56CA6C00CDD525 /* LaunchScreen.storyboard */; };
		604AC7151E56D0DE00CDD525 /* color_helper.swift in Sources */ = {isa = PBXBuildFile; fileRef = 604AC7141E56D0DE00CDD525 /* color_helper.swift */; };
		6057D66A1E6B2761008759C0 /* Material.framework in Frameworks */ = {isa = PBXBuildFile; fileRef = 6057D6691E6B2761008759C0 /* Material.framework */; };
		605F56B51E5D51F300209954 /* Realm.framework in Frameworks */ = {isa = PBXBuildFile; fileRef = 605F56B21E5D51F300209954 /* Realm.framework */; };
		605F56B61E5D51F300209954 /* RealmSwift.framework in Frameworks */ = {isa = PBXBuildFile; fileRef = 605F56B31E5D51F300209954 /* RealmSwift.framework */; };
		606EBB0A1E5C617200654AFD /* Alamofire.framework in Frameworks */ = {isa = PBXBuildFile; fileRef = 606EBB091E5C617200654AFD /* Alamofire.framework */; };
		606EBB0C1E5C617800654AFD /* AlamofireImage.framework in Frameworks */ = {isa = PBXBuildFile; fileRef = 606EBB0B1E5C617800654AFD /* AlamofireImage.framework */; };
		606EBB121E5C618800654AFD /* SwiftyJSON.framework in Frameworks */ = {isa = PBXBuildFile; fileRef = 606EBB111E5C618800654AFD /* SwiftyJSON.framework */; };
		60745E341E6DB4FA00E16976 /* application_helper.swift in Sources */ = {isa = PBXBuildFile; fileRef = 60745E331E6DB4FA00E16976 /* application_helper.swift */; };
		60B815061E5D5DA5005F953A /* placeHistoryModel.swift in Sources */ = {isa = PBXBuildFile; fileRef = 60B815051E5D5DA5005F953A /* placeHistoryModel.swift */; };
		60FB74D61E64419100F9A5FA /* userModel.swift in Sources */ = {isa = PBXBuildFile; fileRef = 60FB74D51E64419100F9A5FA /* userModel.swift */; };
/* End PBXBuildFile section */

/* Begin PBXFileReference section */
		602A04AF1E644D1700B17783 /* id_helper.swift */ = {isa = PBXFileReference; fileEncoding = 4; lastKnownFileType = sourcecode.swift; path = id_helper.swift; sourceTree = "<group>"; };
		602A04B11E64581C00B17783 /* user_controller.swift */ = {isa = PBXFileReference; fileEncoding = 4; lastKnownFileType = sourcecode.swift; path = user_controller.swift; sourceTree = "<group>"; };
		602A04B31E65152800B17783 /* place_helper.swift */ = {isa = PBXFileReference; fileEncoding = 4; lastKnownFileType = sourcecode.swift; path = place_helper.swift; sourceTree = "<group>"; };
		602A04B51E65180700B17783 /* place_controller.swift */ = {isa = PBXFileReference; fileEncoding = 4; lastKnownFileType = sourcecode.swift; path = place_controller.swift; sourceTree = "<group>"; };
		602A04B71E6837CC00B17783 /* user_helper.swift */ = {isa = PBXFileReference; fileEncoding = 4; lastKnownFileType = sourcecode.swift; path = user_helper.swift; sourceTree = "<group>"; };
		602A04BB1E687B5D00B17783 /* userformViewController.swift */ = {isa = PBXFileReference; fileEncoding = 4; lastKnownFileType = sourcecode.swift; path = userformViewController.swift; sourceTree = "<group>"; };
		604AC6FF1E56CA6C00CDD525 /* nowPlaceTweetApp.app */ = {isa = PBXFileReference; explicitFileType = wrapper.application; includeInIndex = 0; path = nowPlaceTweetApp.app; sourceTree = BUILT_PRODUCTS_DIR; };
		604AC7021E56CA6C00CDD525 /* AppDelegate.swift */ = {isa = PBXFileReference; lastKnownFileType = sourcecode.swift; path = AppDelegate.swift; sourceTree = "<group>"; };
		604AC7041E56CA6C00CDD525 /* ViewController.swift */ = {isa = PBXFileReference; lastKnownFileType = sourcecode.swift; path = ViewController.swift; sourceTree = "<group>"; };
		604AC7071E56CA6C00CDD525 /* Base */ = {isa = PBXFileReference; lastKnownFileType = file.storyboard; name = Base; path = Base.lproj/Main.storyboard; sourceTree = "<group>"; };
		604AC7091E56CA6C00CDD525 /* Assets.xcassets */ = {isa = PBXFileReference; lastKnownFileType = folder.assetcatalog; path = Assets.xcassets; sourceTree = "<group>"; };
		604AC70C1E56CA6C00CDD525 /* Base */ = {isa = PBXFileReference; lastKnownFileType = file.storyboard; name = Base; path = Base.lproj/LaunchScreen.storyboard; sourceTree = "<group>"; };
		604AC70E1E56CA6C00CDD525 /* Info.plist */ = {isa = PBXFileReference; lastKnownFileType = text.plist.xml; path = Info.plist; sourceTree = "<group>"; };
		604AC7141E56D0DE00CDD525 /* color_helper.swift */ = {isa = PBXFileReference; fileEncoding = 4; lastKnownFileType = sourcecode.swift; path = color_helper.swift; sourceTree = "<group>"; };
		6057D6691E6B2761008759C0 /* Material.framework */ = {isa = PBXFileReference; lastKnownFileType = wrapper.framework; name = Material.framework; path = "Pods/../build/Debug-iphoneos/Material/Material.framework"; sourceTree = "<group>"; };
		605F56B11E5D51F300209954 /* ENSwiftSideMenu.framework */ = {isa = PBXFileReference; lastKnownFileType = wrapper.framework; name = ENSwiftSideMenu.framework; path = "Pods/../build/Debug-iphoneos/ENSwiftSideMenu/ENSwiftSideMenu.framework"; sourceTree = "<group>"; };
		605F56B21E5D51F300209954 /* Realm.framework */ = {isa = PBXFileReference; lastKnownFileType = wrapper.framework; name = Realm.framework; path = "Pods/../build/Debug-iphoneos/Realm/Realm.framework"; sourceTree = "<group>"; };
		605F56B31E5D51F300209954 /* RealmSwift.framework */ = {isa = PBXFileReference; lastKnownFileType = wrapper.framework; name = RealmSwift.framework; path = "Pods/../build/Debug-iphoneos/RealmSwift/RealmSwift.framework"; sourceTree = "<group>"; };
		606EBB091E5C617200654AFD /* Alamofire.framework */ = {isa = PBXFileReference; lastKnownFileType = wrapper.framework; name = Alamofire.framework; path = "../Library/Developer/Xcode/DerivedData/nowPlaceTweetApp-adbfbgpaeqfllffdagqjgyjkjlmn/Build/Products/Debug-iphoneos/Alamofire/Alamofire.framework"; sourceTree = "<group>"; };
		606EBB0B1E5C617800654AFD /* AlamofireImage.framework */ = {isa = PBXFileReference; lastKnownFileType = wrapper.framework; name = AlamofireImage.framework; path = "../Library/Developer/Xcode/DerivedData/nowPlaceTweetApp-adbfbgpaeqfllffdagqjgyjkjlmn/Build/Products/Debug-iphoneos/AlamofireImage/AlamofireImage.framework"; sourceTree = "<group>"; };
		606EBB0D1E5C617D00654AFD /* ENSwiftSideMenu.framework */ = {isa = PBXFileReference; lastKnownFileType = wrapper.framework; name = ENSwiftSideMenu.framework; path = "Pods/../build/Debug-iphoneos/ENSwiftSideMenu/ENSwiftSideMenu.framework"; sourceTree = "<group>"; };
		606EBB0F1E5C618300654AFD /* Realm.framework */ = {isa = PBXFileReference; lastKnownFileType = wrapper.framework; name = Realm.framework; path = "Pods/../build/Debug-iphoneos/Realm/Realm.framework"; sourceTree = "<group>"; };
		606EBB111E5C618800654AFD /* SwiftyJSON.framework */ = {isa = PBXFileReference; lastKnownFileType = wrapper.framework; name = SwiftyJSON.framework; path = "../Library/Developer/Xcode/DerivedData/nowPlaceTweetApp-adbfbgpaeqfllffdagqjgyjkjlmn/Build/Products/Debug-iphoneos/SwiftyJSON/SwiftyJSON.framework"; sourceTree = "<group>"; };
		60745E331E6DB4FA00E16976 /* application_helper.swift */ = {isa = PBXFileReference; fileEncoding = 4; lastKnownFileType = sourcecode.swift; path = application_helper.swift; sourceTree = "<group>"; };
		60B815051E5D5DA5005F953A /* placeHistoryModel.swift */ = {isa = PBXFileReference; fileEncoding = 4; lastKnownFileType = sourcecode.swift; path = placeHistoryModel.swift; sourceTree = "<group>"; };
		60BB725A1E6B18A6007B6D94 /* TextFieldEffects.framework */ = {isa = PBXFileReference; lastKnownFileType = wrapper.framework; name = TextFieldEffects.framework; path = "../Library/Developer/Xcode/DerivedData/nowPlaceTweetApp-adbfbgpaeqfllffdagqjgyjkjlmn/Build/Products/Debug-iphonesimulator/TextFieldEffects/TextFieldEffects.framework"; sourceTree = "<group>"; };
		60FB74D51E64419100F9A5FA /* userModel.swift */ = {isa = PBXFileReference; fileEncoding = 4; lastKnownFileType = sourcecode.swift; path = userModel.swift; sourceTree = "<group>"; };
		E11C77447BCA350A75DC1EA9 /* Pods-nowPlaceTweetApp.debug.xcconfig */ = {isa = PBXFileReference; includeInIndex = 1; lastKnownFileType = text.xcconfig; name = "Pods-nowPlaceTweetApp.debug.xcconfig"; path = "Pods/Target Support Files/Pods-nowPlaceTweetApp/Pods-nowPlaceTweetApp.debug.xcconfig"; sourceTree = "<group>"; };
		F3E50FD6FC7382C1DA6F2FD1 /* Pods_nowPlaceTweetApp.framework */ = {isa = PBXFileReference; explicitFileType = wrapper.framework; includeInIndex = 0; path = Pods_nowPlaceTweetApp.framework; sourceTree = BUILT_PRODUCTS_DIR; };
		FAFEB05D83EE031504C1ED71 /* Pods-nowPlaceTweetApp.release.xcconfig */ = {isa = PBXFileReference; includeInIndex = 1; lastKnownFileType = text.xcconfig; name = "Pods-nowPlaceTweetApp.release.xcconfig"; path = "Pods/Target Support Files/Pods-nowPlaceTweetApp/Pods-nowPlaceTweetApp.release.xcconfig"; sourceTree = "<group>"; };
/* End PBXFileReference section */

/* Begin PBXFrameworksBuildPhase section */
		604AC6FC1E56CA6B00CDD525 /* Frameworks */ = {
			isa = PBXFrameworksBuildPhase;
			buildActionMask = 2147483647;
			files = (
				6057D66A1E6B2761008759C0 /* Material.framework in Frameworks */,
				605F56B51E5D51F300209954 /* Realm.framework in Frameworks */,
				605F56B61E5D51F300209954 /* RealmSwift.framework in Frameworks */,
				606EBB121E5C618800654AFD /* SwiftyJSON.framework in Frameworks */,
				606EBB0C1E5C617800654AFD /* AlamofireImage.framework in Frameworks */,
				606EBB0A1E5C617200654AFD /* Alamofire.framework in Frameworks */,
				2378F0DFB2E1979EF2CEA4C2 /* Pods_nowPlaceTweetApp.framework in Frameworks */,
			);
			runOnlyForDeploymentPostprocessing = 0;
		};
/* End PBXFrameworksBuildPhase section */

/* Begin PBXGroup section */
		6002204A3787C7FBD21A9F88 /* Frameworks */ = {
			isa = PBXGroup;
			children = (
				6057D6691E6B2761008759C0 /* Material.framework */,
				60BB725A1E6B18A6007B6D94 /* TextFieldEffects.framework */,
				605F56B11E5D51F300209954 /* ENSwiftSideMenu.framework */,
				605F56B21E5D51F300209954 /* Realm.framework */,
				605F56B31E5D51F300209954 /* RealmSwift.framework */,
				606EBB111E5C618800654AFD /* SwiftyJSON.framework */,
				606EBB0F1E5C618300654AFD /* Realm.framework */,
				606EBB0D1E5C617D00654AFD /* ENSwiftSideMenu.framework */,
				606EBB0B1E5C617800654AFD /* AlamofireImage.framework */,
				606EBB091E5C617200654AFD /* Alamofire.framework */,
				F3E50FD6FC7382C1DA6F2FD1 /* Pods_nowPlaceTweetApp.framework */,
			);
			name = Frameworks;
			sourceTree = "<group>";
		};
		604AC6F61E56CA6B00CDD525 = {
			isa = PBXGroup;
			children = (
				604AC7011E56CA6C00CDD525 /* nowPlaceTweetApp */,
				604AC7001E56CA6C00CDD525 /* Products */,
				B4DCEE03D031E763B01539BF /* Pods */,
				6002204A3787C7FBD21A9F88 /* Frameworks */,
			);
			sourceTree = "<group>";
		};
		604AC7001E56CA6C00CDD525 /* Products */ = {
			isa = PBXGroup;
			children = (
				604AC6FF1E56CA6C00CDD525 /* nowPlaceTweetApp.app */,
			);
			name = Products;
			sourceTree = "<group>";
		};
		604AC7011E56CA6C00CDD525 /* nowPlaceTweetApp */ = {
			isa = PBXGroup;
			children = (
				604AC7021E56CA6C00CDD525 /* AppDelegate.swift */,
				60745E331E6DB4FA00E16976 /* application_helper.swift */,
				60B815051E5D5DA5005F953A /* placeHistoryModel.swift */,
				60FB74D51E64419100F9A5FA /* userModel.swift */,
				602A04B51E65180700B17783 /* place_controller.swift */,
				602A04B11E64581C00B17783 /* user_controller.swift */,
				602A04B31E65152800B17783 /* place_helper.swift */,
				602A04B71E6837CC00B17783 /* user_helper.swift */,
				602A04AF1E644D1700B17783 /* id_helper.swift */,
				604AC7141E56D0DE00CDD525 /* color_helper.swift */,
				604AC7041E56CA6C00CDD525 /* ViewController.swift */,
				602A04BB1E687B5D00B17783 /* userformViewController.swift */,
				604AC7061E56CA6C00CDD525 /* Main.storyboard */,
				604AC7091E56CA6C00CDD525 /* Assets.xcassets */,
				604AC70B1E56CA6C00CDD525 /* LaunchScreen.storyboard */,
				604AC70E1E56CA6C00CDD525 /* Info.plist */,
			);
			path = nowPlaceTweetApp;
			sourceTree = "<group>";
		};
		B4DCEE03D031E763B01539BF /* Pods */ = {
			isa = PBXGroup;
			children = (
				E11C77447BCA350A75DC1EA9 /* Pods-nowPlaceTweetApp.debug.xcconfig */,
				FAFEB05D83EE031504C1ED71 /* Pods-nowPlaceTweetApp.release.xcconfig */,
			);
			name = Pods;
			sourceTree = "<group>";
		};
/* End PBXGroup section */

/* Begin PBXNativeTarget section */
		604AC6FE1E56CA6B00CDD525 /* nowPlaceTweetApp */ = {
			isa = PBXNativeTarget;
			buildConfigurationList = 604AC7111E56CA6C00CDD525 /* Build configuration list for PBXNativeTarget "nowPlaceTweetApp" */;
			buildPhases = (
				ED9F5E5D3E24044A763B4F74 /* [CP] Check Pods Manifest.lock */,
				604AC6FB1E56CA6B00CDD525 /* Sources */,
				604AC6FC1E56CA6B00CDD525 /* Frameworks */,
				604AC6FD1E56CA6B00CDD525 /* Resources */,
				FBA8CE45050FDDDC9EA9DE9F /* [CP] Embed Pods Frameworks */,
				3DD62E7370309DCA60738F20 /* [CP] Copy Pods Resources */,
			);
			buildRules = (
			);
			dependencies = (
			);
			name = nowPlaceTweetApp;
			productName = nowPlaceTweetApp;
			productReference = 604AC6FF1E56CA6C00CDD525 /* nowPlaceTweetApp.app */;
			productType = "com.apple.product-type.application";
		};
/* End PBXNativeTarget section */

/* Begin PBXProject section */
		604AC6F71E56CA6B00CDD525 /* Project object */ = {
			isa = PBXProject;
			attributes = {
				LastSwiftUpdateCheck = 0800;
				LastUpgradeCheck = 0800;
				ORGANIZATIONNAME = "Satoru Murakami";
				TargetAttributes = {
					604AC6FE1E56CA6B00CDD525 = {
						CreatedOnToolsVersion = 8.0;
						DevelopmentTeam = JLFHLJHHST;
						ProvisioningStyle = Automatic;
					};
				};
			};
			buildConfigurationList = 604AC6FA1E56CA6B00CDD525 /* Build configuration list for PBXProject "nowPlaceTweetApp" */;
			compatibilityVersion = "Xcode 3.2";
			developmentRegion = English;
			hasScannedForEncodings = 0;
			knownRegions = (
				en,
				Base,
			);
			mainGroup = 604AC6F61E56CA6B00CDD525;
			productRefGroup = 604AC7001E56CA6C00CDD525 /* Products */;
			projectDirPath = "";
			projectRoot = "";
			targets = (
				604AC6FE1E56CA6B00CDD525 /* nowPlaceTweetApp */,
			);
		};
/* End PBXProject section */

/* Begin PBXResourcesBuildPhase section */
		604AC6FD1E56CA6B00CDD525 /* Resources */ = {
			isa = PBXResourcesBuildPhase;
			buildActionMask = 2147483647;
			files = (
				604AC70D1E56CA6C00CDD525 /* LaunchScreen.storyboard in Resources */,
				604AC70A1E56CA6C00CDD525 /* Assets.xcassets in Resources */,
				604AC7081E56CA6C00CDD525 /* Main.storyboard in Resources */,
			);
			runOnlyForDeploymentPostprocessing = 0;
		};
/* End PBXResourcesBuildPhase section */

/* Begin PBXShellScriptBuildPhase section */
		3DD62E7370309DCA60738F20 /* [CP] Copy Pods Resources */ = {
			isa = PBXShellScriptBuildPhase;
			buildActionMask = 2147483647;
			files = (
			);
			inputPaths = (
			);
			name = "[CP] Copy Pods Resources";
			outputPaths = (
			);
			runOnlyForDeploymentPostprocessing = 0;
			shellPath = /bin/sh;
			shellScript = "\"${SRCROOT}/Pods/Target Support Files/Pods-nowPlaceTweetApp/Pods-nowPlaceTweetApp-resources.sh\"\n";
			showEnvVarsInLog = 0;
		};
		ED9F5E5D3E24044A763B4F74 /* [CP] Check Pods Manifest.lock */ = {
			isa = PBXShellScriptBuildPhase;
			buildActionMask = 2147483647;
			files = (
			);
			inputPaths = (
			);
			name = "[CP] Check Pods Manifest.lock";
			outputPaths = (
			);
			runOnlyForDeploymentPostprocessing = 0;
			shellPath = /bin/sh;
			shellScript = "diff \"${PODS_ROOT}/../Podfile.lock\" \"${PODS_ROOT}/Manifest.lock\" > /dev/null\nif [ $? != 0 ] ; then\n    # print error to STDERR\n    echo \"error: The sandbox is not in sync with the Podfile.lock. Run 'pod install' or update your CocoaPods installation.\" >&2\n    exit 1\nfi\n";
			showEnvVarsInLog = 0;
		};
		FBA8CE45050FDDDC9EA9DE9F /* [CP] Embed Pods Frameworks */ = {
			isa = PBXShellScriptBuildPhase;
			buildActionMask = 2147483647;
			files = (
			);
			inputPaths = (
			);
			name = "[CP] Embed Pods Frameworks";
			outputPaths = (
			);
			runOnlyForDeploymentPostprocessing = 0;
			shellPath = /bin/sh;
			shellScript = "\"${SRCROOT}/Pods/Target Support Files/Pods-nowPlaceTweetApp/Pods-nowPlaceTweetApp-frameworks.sh\"\n";
			showEnvVarsInLog = 0;
		};
/* End PBXShellScriptBuildPhase section */

/* Begin PBXSourcesBuildPhase section */
		604AC6FB1E56CA6B00CDD525 /* Sources */ = {
			isa = PBXSourcesBuildPhase;
			buildActionMask = 2147483647;
			files = (
				60FB74D61E64419100F9A5FA /* userModel.swift in Sources */,
				602A04BC1E687B5D00B17783 /* userformViewController.swift in Sources */,
				602A04B61E65180700B17783 /* place_controller.swift in Sources */,
				602A04B81E6837CC00B17783 /* user_helper.swift in Sources */,
				602A04B41E65152800B17783 /* place_helper.swift in Sources */,
				604AC7051E56CA6C00CDD525 /* ViewController.swift in Sources */,
				602A04B21E64581C00B17783 /* user_controller.swift in Sources */,
				602A04B01E644D1700B17783 /* id_helper.swift in Sources */,
				604AC7151E56D0DE00CDD525 /* color_helper.swift in Sources */,
				60B815061E5D5DA5005F953A /* placeHistoryModel.swift in Sources */,
				60745E341E6DB4FA00E16976 /* application_helper.swift in Sources */,
				604AC7031E56CA6C00CDD525 /* AppDelegate.swift in Sources */,
			);
			runOnlyForDeploymentPostprocessing = 0;
		};
/* End PBXSourcesBuildPhase section */

/* Begin PBXVariantGroup section */
		604AC7061E56CA6C00CDD525 /* Main.storyboard */ = {
			isa = PBXVariantGroup;
			children = (
				604AC7071E56CA6C00CDD525 /* Base */,
			);
			name = Main.storyboard;
			sourceTree = "<group>";
		};
		604AC70B1E56CA6C00CDD525 /* LaunchScreen.storyboard */ = {
			isa = PBXVariantGroup;
			children = (
				604AC70C1E56CA6C00CDD525 /* Base */,
			);
			name = LaunchScreen.storyboard;
			sourceTree = "<group>";
		};
/* End PBXVariantGroup section */

/* Begin XCBuildConfiguration section */
		604AC70F1E56CA6C00CDD525 /* Debug */ = {
			isa = XCBuildConfiguration;
			buildSettings = {
				ALWAYS_SEARCH_USER_PATHS = NO;
				CLANG_ANALYZER_NONNULL = YES;
				CLANG_CXX_LANGUAGE_STANDARD = "gnu++0x";
				CLANG_CXX_LIBRARY = "libc++";
				CLANG_ENABLE_MODULES = YES;
				CLANG_ENABLE_OBJC_ARC = YES;
				CLANG_WARN_BOOL_CONVERSION = YES;
				CLANG_WARN_CONSTANT_CONVERSION = YES;
				CLANG_WARN_DIRECT_OBJC_ISA_USAGE = YES_ERROR;
				CLANG_WARN_DOCUMENTATION_COMMENTS = YES;
				CLANG_WARN_EMPTY_BODY = YES;
				CLANG_WARN_ENUM_CONVERSION = YES;
				CLANG_WARN_INFINITE_RECURSION = YES;
				CLANG_WARN_INT_CONVERSION = YES;
				CLANG_WARN_OBJC_ROOT_CLASS = YES_ERROR;
				CLANG_WARN_SUSPICIOUS_MOVE = YES;
				CLANG_WARN_SUSPICIOUS_MOVES = YES;
				CLANG_WARN_UNREACHABLE_CODE = YES;
				CLANG_WARN__DUPLICATE_METHOD_MATCH = YES;
				"CODE_SIGN_IDENTITY[sdk=iphoneos*]" = "iPhone Developer";
				COPY_PHASE_STRIP = NO;
				DEBUG_INFORMATION_FORMAT = dwarf;
				ENABLE_STRICT_OBJC_MSGSEND = YES;
				ENABLE_TESTABILITY = YES;
				GCC_C_LANGUAGE_STANDARD = gnu99;
				GCC_DYNAMIC_NO_PIC = NO;
				GCC_NO_COMMON_BLOCKS = YES;
				GCC_OPTIMIZATION_LEVEL = 0;
				GCC_PREPROCESSOR_DEFINITIONS = (
					"DEBUG=1",
					"$(inherited)",
				);
				GCC_WARN_64_TO_32_BIT_CONVERSION = YES;
				GCC_WARN_ABOUT_RETURN_TYPE = YES_ERROR;
				GCC_WARN_UNDECLARED_SELECTOR = YES;
				GCC_WARN_UNINITIALIZED_AUTOS = YES_AGGRESSIVE;
				GCC_WARN_UNUSED_FUNCTION = YES;
				GCC_WARN_UNUSED_VARIABLE = YES;
				IPHONEOS_DEPLOYMENT_TARGET = 9.3;
				MTL_ENABLE_DEBUG_INFO = YES;
				ONLY_ACTIVE_ARCH = YES;
				SDKROOT = iphoneos;
				SWIFT_ACTIVE_COMPILATION_CONDITIONS = DEBUG;
				SWIFT_OPTIMIZATION_LEVEL = "-Onone";
				TARGETED_DEVICE_FAMILY = "1,2";
			};
			name = Debug;
		};
		604AC7101E56CA6C00CDD525 /* Release */ = {
			isa = XCBuildConfiguration;
			buildSettings = {
				ALWAYS_SEARCH_USER_PATHS = NO;
				CLANG_ANALYZER_NONNULL = YES;
				CLANG_CXX_LANGUAGE_STANDARD = "gnu++0x";
				CLANG_CXX_LIBRARY = "libc++";
				CLANG_ENABLE_MODULES = YES;
				CLANG_ENABLE_OBJC_ARC = YES;
				CLANG_WARN_BOOL_CONVERSION = YES;
				CLANG_WARN_CONSTANT_CONVERSION = YES;
				CLANG_WARN_DIRECT_OBJC_ISA_USAGE = YES_ERROR;
				CLANG_WARN_DOCUMENTATION_COMMENTS = YES;
				CLANG_WARN_EMPTY_BODY = YES;
				CLANG_WARN_ENUM_CONVERSION = YES;
				CLANG_WARN_INFINITE_RECURSION = YES;
				CLANG_WARN_INT_CONVERSION = YES;
				CLANG_WARN_OBJC_ROOT_CLASS = YES_ERROR;
				CLANG_WARN_SUSPICIOUS_MOVE = YES;
				CLANG_WARN_SUSPICIOUS_MOVES = YES;
				CLANG_WARN_UNREACHABLE_CODE = YES;
				CLANG_WARN__DUPLICATE_METHOD_MATCH = YES;
				"CODE_SIGN_IDENTITY[sdk=iphoneos*]" = "iPhone Developer";
				COPY_PHASE_STRIP = NO;
				DEBUG_INFORMATION_FORMAT = "dwarf-with-dsym";
				ENABLE_NS_ASSERTIONS = NO;
				ENABLE_STRICT_OBJC_MSGSEND = YES;
				GCC_C_LANGUAGE_STANDARD = gnu99;
				GCC_NO_COMMON_BLOCKS = YES;
				GCC_WARN_64_TO_32_BIT_CONVERSION = YES;
				GCC_WARN_ABOUT_RETURN_TYPE = YES_ERROR;
				GCC_WARN_UNDECLARED_SELECTOR = YES;
				GCC_WARN_UNINITIALIZED_AUTOS = YES_AGGRESSIVE;
				GCC_WARN_UNUSED_FUNCTION = YES;
				GCC_WARN_UNUSED_VARIABLE = YES;
				IPHONEOS_DEPLOYMENT_TARGET = 9.3;
				MTL_ENABLE_DEBUG_INFO = NO;
				SDKROOT = iphoneos;
				SWIFT_OPTIMIZATION_LEVEL = "-Owholemodule";
				TARGETED_DEVICE_FAMILY = "1,2";
				VALIDATE_PRODUCT = YES;
			};
			name = Release;
		};
		604AC7121E56CA6C00CDD525 /* Debug */ = {
			isa = XCBuildConfiguration;
			baseConfigurationReference = E11C77447BCA350A75DC1EA9 /* Pods-nowPlaceTweetApp.debug.xcconfig */;
			buildSettings = {
				ALWAYS_EMBED_SWIFT_STANDARD_LIBRARIES = YES;
				ASSETCATALOG_COMPILER_APPICON_NAME = AppIcon;
				DEVELOPMENT_TEAM = JLFHLJHHST;
				FRAMEWORK_SEARCH_PATHS = (
					"$(inherited)",
					"$(PROJECT_DIR)/build/Debug-iphoneos/ENSwiftSideMenu",
					"$(PROJECT_DIR)/build/Debug-iphoneos/Realm",
					"$(PROJECT_DIR)/build/Debug-iphoneos/RealmSwift",
					"$(PROJECT_DIR)/build/Debug-iphoneos/Material",
				);
				INFOPLIST_FILE = nowPlaceTweetApp/Info.plist;
				LD_RUNPATH_SEARCH_PATHS = "$(inherited) @executable_path/Frameworks";
				ONLY_ACTIVE_ARCH = YES;
				PRODUCT_BUNDLE_IDENTIFIER = jp.myapp.nowPlaceTweetApp;
				PRODUCT_NAME = "$(TARGET_NAME)";
				SWIFT_VERSION = 3.0;
			};
			name = Debug;
		};
		604AC7131E56CA6C00CDD525 /* Release */ = {
			isa = XCBuildConfiguration;
			baseConfigurationReference = FAFEB05D83EE031504C1ED71 /* Pods-nowPlaceTweetApp.release.xcconfig */;
			buildSettings = {
				ALWAYS_EMBED_SWIFT_STANDARD_LIBRARIES = YES;
				ASSETCATALOG_COMPILER_APPICON_NAME = AppIcon;
				DEVELOPMENT_TEAM = JLFHLJHHST;
				FRAMEWORK_SEARCH_PATHS = (
					"$(inherited)",
					"$(PROJECT_DIR)/build/Debug-iphoneos/ENSwiftSideMenu",
					"$(PROJECT_DIR)/build/Debug-iphoneos/Realm",
					"$(PROJECT_DIR)/build/Debug-iphoneos/RealmSwift",
					"$(PROJECT_DIR)/build/Debug-iphoneos/Material",
				);
				INFOPLIST_FILE = nowPlaceTweetApp/Info.plist;
				LD_RUNPATH_SEARCH_PATHS = "$(inherited) @executable_path/Frameworks";
				ONLY_ACTIVE_ARCH = YES;
				PRODUCT_BUNDLE_IDENTIFIER = jp.myapp.nowPlaceTweetApp;
				PRODUCT_NAME = "$(TARGET_NAME)";
				SWIFT_VERSION = 3.0;
			};
			name = Release;
		};
/* End XCBuildConfiguration section */

/* Begin XCConfigurationList section */
		604AC6FA1E56CA6B00CDD525 /* Build configuration list for PBXProject "nowPlaceTweetApp" */ = {
			isa = XCConfigurationList;
			buildConfigurations = (
				604AC70F1E56CA6C00CDD525 /* Debug */,
				604AC7101E56CA6C00CDD525 /* Release */,
			);
			defaultConfigurationIsVisible = 0;
			defaultConfigurationName = Release;
		};
		604AC7111E56CA6C00CDD525 /* Build configuration list for PBXNativeTarget "nowPlaceTweetApp" */ = {
			isa = XCConfigurationList;
			buildConfigurations = (
				604AC7121E56CA6C00CDD525 /* Debug */,
				604AC7131E56CA6C00CDD525 /* Release */,
			);
			defaultConfigurationIsVisible = 0;
			defaultConfigurationName = Release;
		};
/* End XCConfigurationList section */
	};
	rootObject = 604AC6F71E56CA6B00CDD525 /* Project object */;
}
